
Microsoft Visual Studio Solution File, Format Version 12.00
# Visual Studio Version 16
VisualStudioVersion = 16.0.31005.135
MinimumVisualStudioVersion = 10.0.40219.1
Project("{8BC9CEB8-8B4A-11D0-8D11-00A0C91BC942}") = "Lab4", "Lab4.vcxproj", "{6E2B6116-0EAC-4583-82FE-0C57065BE994}"
EndProject
Global
	GlobalSection(SolutionConfigurationPlatforms) = preSolution
		Debug|x64 = Debug|x64
		Debug|x86 = Debug|x86
		Release|x64 = Release|x64
		Release|x86 = Release|x86
	EndGlobalSection
	GlobalSection(ProjectConfigurationPlatforms) = postSolution
		{6E2B6116-0EAC-4583-82FE-0C57065BE994}.Debug|x64.ActiveCfg = Debug|x64
		{6E2B6116-0EAC-4583-82FE-0C57065BE994}.Debug|x64.Build.0 = Debug|x64
		{6E2B6116-0EAC-4583-82FE-0C57065BE994}.Debug|x86.ActiveCfg = Debug|x64
		{6E2B6116-0EAC-4583-82FE-0C57065BE994}.Debug|x86.Build.0 = Debug|x64
		{6E2B6116-0EAC-4583-82FE-0C57065BE994}.Release|x64.ActiveCfg = Release|x64
		{6E2B6116-0EAC-4583-82FE-0C57065BE994}.Release|x64.Build.0 = Release|x64
		{6E2B6116-0EAC-4583-82FE-0C57065BE994}.Release|x86.ActiveCfg = Release|Win32
		{6E2B6116-0EAC-4583-82FE-0C57065BE994}.Release|x86.Build.0 = Release|Win32
	EndGlobalSection
	GlobalSection(SolutionProperties) = preSolution
		HideSolutionNode = FALSE
	EndGlobalSection
	GlobalSection(ExtensibilityGlobals) = postSolution
		SolutionGuid = {02D43E21-9B54-416E-8AB0-637EB6F11D2A}
	EndGlobalSection
EndGlobal
